
Microsoft Visual Studio Solution File, Format Version 12.00
# Visual Studio Version 17
VisualStudioVersion = 17.5.002.0
MinimumVisualStudioVersion = 10.0.40219.1
Project("{9A19103F-16F7-4668-BE54-9A1E7A4F7556}") = "employees-management", "employees-management.csproj", "{99556D32-4A3D-4BA8-AFFF-56DD40FBE9F1}"
EndProject
Global
	GlobalSection(SolutionConfigurationPlatforms) = preSolution
		Debug|Any CPU = Debug|Any CPU
		Release|Any CPU = Release|Any CPU
	EndGlobalSection
	GlobalSection(ProjectConfigurationPlatforms) = postSolution
		{99556D32-4A3D-4BA8-AFFF-56DD40FBE9F1}.Debug|Any CPU.ActiveCfg = Debug|Any CPU
		{99556D32-4A3D-4BA8-AFFF-56DD40FBE9F1}.Debug|Any CPU.Build.0 = Debug|Any CPU
		{99556D32-4A3D-4BA8-AFFF-56DD40FBE9F1}.Release|Any CPU.ActiveCfg = Release|Any CPU
		{99556D32-4A3D-4BA8-AFFF-56DD40FBE9F1}.Release|Any CPU.Build.0 = Release|Any CPU
	EndGlobalSection
	GlobalSection(SolutionProperties) = preSolution
		HideSolutionNode = FALSE
	EndGlobalSection
	GlobalSection(ExtensibilityGlobals) = postSolution
		SolutionGuid = {6F28571F-124A-4B46-B00C-182726A219F7}
	EndGlobalSection
EndGlobal
